github.com/adamzy/cedar-go v0.0.0-20170805034717-80a9c64b256d h1:ir/IFJU5xbja5UaBEQLjcvn7aAU01nqU/NUyOBEU+ew=
github.com/adamzy/cedar-go v0.0.0-20170805034717-80a9c64b256d/go.mod h1:PRWNwWq0yifz6XDPZu48aSld8BWwBfr2JKB2bGWiEd4=
github.com/adamzy/sego v0.0.0-20151004184924-5eab9a44f8e8/go.mod h1:KQxo+Xesl2wLJ3yJcX443KaoWzXpbPzU1GNRyE8kNEY=
github.com/go-ego/gse v0.80.3 h1:YNFkjMhlhQnUeuoFcUEd1ivh6SOB764rT8GDsEbDiEg=
github.com/go-ego/gse v0.80.3/go.mod h1:Gt3A9Ry1Eso2Kza4MRaiZ7f2DTAvActmETY46Lxg0gU=
github.com/huichen/sego v0.0.0-20210824061530-c87651ea5c76 h1:qNQ2+1IQT9Mor/vfEHePOQSbiapLoNI7sQmpxM7l1Ew=
github.com/huichen/sego v0.0.0-20210824061530-c87651ea5c76/go.mod h1:Fymg8+khR/cKSuIwqRxy/jmZg7PIPLk7CauXzrbcMUM=
github.com/issue9/assert v1.4.1/go.mod h1:Yktk83hAVl1SPSYtd9kjhBizuiBIqUQyj+D5SE2yjVY=
github.com/vcaesar/cedar v0.20.2 h1:TDx7AdZhilKcfE1WvdToTJf5VrC/FXcUOW+KY1upLZ4=
github.com/vcaesar/cedar v0.20.2/go.mod h1:lyuGvALuZZDPNXwpzv/9LyxW+8Y6faN7zauFezNsnik=
github.com/wangbin/jiebago v0.3.2 h1:reQKp0xTXWFK7eQ19L6Ofq5xODSR2hcam55qcdCCNpw=
github.com/wangbin/jiebago v0.3.2/go.mod h1:PAqQLauF0qAzy/63jBvO7Goh0oYBq1ocr0OXHLlujwQ=
github.com/yanyiwu/gojieba v1.4.4 h1:Iukkf8WlIfqAKtsGZjUhGR1ArKa7DtLDNmW8bvUI8JI=
github.com/yanyiwu/gojieba v1.4.4/go.mod h1:JUq4DddFVGdHXJHxxepxRmhrKlDpaBxR8O28v6fKYLY=
